# Generated by buf. DO NOT EDIT.
version: v2
deps:
  - name: buf.build/bufbuild/protovalidate
    commit: 4001e52a3c944a00b22299a2e4c39da6
    digest: b5:8f9b6966b495e5446de97a043191feeb07b9cb05d9e51e20731dac7632d59de76d254e9837aab257221ee41c8594273e1be458bbf4d449e4048e9cd15fd08208
  - name: buf.build/googleapis/googleapis
    commit: 61b203b9a9164be9a834f58c37be6f62
    digest: b5:7811a98b35bd2e4ae5c3ac73c8b3d9ae429f3a790da15de188dc98fc2b77d6bb10e45711f14903af9553fa9821dff256054f2e4b7795789265bc476bec2f088c
  - name: buf.build/stateful/runme
    commit: 1ee80741ba944a5da267565351a5f555
    digest: b5:c5cc0529fb17ccfebb944f40ff1ac22d9cf6638e1dd116edaafc780d7c20b14b07cfcc2b03c08e1f50bfcb5d4106b36886cdbd0b1323daea022bfbd6c6fc65b2
